
Microsoft Visual Studio Solution File, Format Version 12.00
# Visual Studio Version 17
VisualStudioVersion = 17.5.33530.505
MinimumVisualStudioVersion = 10.0.40219.1
Project("{8BC9CEB8-8B4A-11D0-8D11-00A0C91BC942}") = "vfp2c64", "vfp2c32\vfp2c64.vcxproj", "{F00110C5-058C-406D-8701-D5F849C0B63C}"
EndProject
Global
	GlobalSection(SolutionConfigurationPlatforms) = preSolution
		Debug|x64 = Debug|x64
		DebugTS|x64 = DebugTS|x64
		Release|x64 = Release|x64
		ReleaseTS|x64 = ReleaseTS|x64
	EndGlobalSection
	GlobalSection(ProjectConfigurationPlatforms) = postSolution
		{F00110C5-058C-406D-8701-D5F849C0B63C}.Debug|x64.ActiveCfg = Debug|x64
		{F00110C5-058C-406D-8701-D5F849C0B63C}.Debug|x64.Build.0 = Debug|x64
		{F00110C5-058C-406D-8701-D5F849C0B63C}.DebugTS|x64.ActiveCfg = DebugTS|x64
		{F00110C5-058C-406D-8701-D5F849C0B63C}.DebugTS|x64.Build.0 = DebugTS|x64
		{F00110C5-058C-406D-8701-D5F849C0B63C}.Release|x64.ActiveCfg = Release|x64
		{F00110C5-058C-406D-8701-D5F849C0B63C}.Release|x64.Build.0 = Release|x64
		{F00110C5-058C-406D-8701-D5F849C0B63C}.ReleaseTS|x64.ActiveCfg = ReleaseTS|x64
		{F00110C5-058C-406D-8701-D5F849C0B63C}.ReleaseTS|x64.Build.0 = ReleaseTS|x64
	EndGlobalSection
	GlobalSection(SolutionProperties) = preSolution
		HideSolutionNode = FALSE
	EndGlobalSection
	GlobalSection(ExtensibilityGlobals) = postSolution
		SolutionGuid = {50BD79C7-BC2E-4E74-9E13-45620071AE59}
	EndGlobalSection
EndGlobal
