Microsoft Visual Studio Solution File, Format Version 12.00
# Visual Studio Version 16
VisualStudioVersion = 16.0.29920.165
MinimumVisualStudioVersion = 10.0.40219.1
Project("{8BC9CEB8-8B4A-11D0-8D11-00A0C91BC942}") = "vfp2c32", "vfp2c32\vfp2c32.vcxproj", "{C50B92FD-886D-4016-946F-DD9E1313B6A2}"
EndProject
Project("{8BC9CEB8-8B4A-11D0-8D11-00A0C91BC942}") = "cparser", "cparser\cparser.vcxproj", "{F48F8780-666A-4038-AF40-862B0DE912DE}"
EndProject
Global
	GlobalSection(SolutionConfigurationPlatforms) = preSolution
		Debug|x86 = Debug|x86
		DebugTS|x86 = DebugTS|x86
		Release|x86 = Release|x86
		ReleaseDebug|x86 = ReleaseDebug|x86
		ReleaseDebugTS|x86 = ReleaseDebugTS|x86
		ReleaseTS|x86 = ReleaseTS|x86
	EndGlobalSection
	GlobalSection(ProjectConfigurationPlatforms) = postSolution
		{C50B92FD-886D-4016-946F-DD9E1313B6A2}.Debug|x86.ActiveCfg = Debug|Win32
		{C50B92FD-886D-4016-946F-DD9E1313B6A2}.Debug|x86.Build.0 = Debug|Win32
		{C50B92FD-886D-4016-946F-DD9E1313B6A2}.DebugTS|x86.ActiveCfg = DebugTS|Win32
		{C50B92FD-886D-4016-946F-DD9E1313B6A2}.DebugTS|x86.Build.0 = DebugTS|Win32
		{C50B92FD-886D-4016-946F-DD9E1313B6A2}.Release|x86.ActiveCfg = Release|Win32
		{C50B92FD-886D-4016-946F-DD9E1313B6A2}.Release|x86.Build.0 = Release|Win32
		{C50B92FD-886D-4016-946F-DD9E1313B6A2}.ReleaseDebug|x86.ActiveCfg = ReleaseDebug|Win32
		{C50B92FD-886D-4016-946F-DD9E1313B6A2}.ReleaseDebug|x86.Build.0 = ReleaseDebug|Win32
		{C50B92FD-886D-4016-946F-DD9E1313B6A2}.ReleaseDebugTS|x86.ActiveCfg = ReleaseDebugTS|Win32
		{C50B92FD-886D-4016-946F-DD9E1313B6A2}.ReleaseDebugTS|x86.Build.0 = ReleaseDebugTS|Win32
		{C50B92FD-886D-4016-946F-DD9E1313B6A2}.ReleaseTS|x86.ActiveCfg = ReleaseTS|Win32
		{C50B92FD-886D-4016-946F-DD9E1313B6A2}.ReleaseTS|x86.Build.0 = ReleaseTS|Win32
		{F48F8780-666A-4038-AF40-862B0DE912DE}.Debug|x86.ActiveCfg = Debug|Win32
		{F48F8780-666A-4038-AF40-862B0DE912DE}.DebugTS|x86.ActiveCfg = DebugTS|Win32
		{F48F8780-666A-4038-AF40-862B0DE912DE}.Release|x86.ActiveCfg = Release|Win32
		{F48F8780-666A-4038-AF40-862B0DE912DE}.ReleaseDebug|x86.ActiveCfg = ReleaseDebug|Win32
		{F48F8780-666A-4038-AF40-862B0DE912DE}.ReleaseDebugTS|x86.ActiveCfg = ReleaseDebugTS|Win32
		{F48F8780-666A-4038-AF40-862B0DE912DE}.ReleaseTS|x86.ActiveCfg = ReleaseTS|Win32
	EndGlobalSection
	GlobalSection(SolutionProperties) = preSolution
		HideSolutionNode = FALSE
	EndGlobalSection
	GlobalSection(ExtensibilityGlobals) = postSolution
		SolutionGuid = {85EB06FA-99E6-4754-9503-4C0D5003EC6D}
	EndGlobalSection
EndGlobal
